{
  "object": {
    "pins": [
      {
        "package": "Socket",
        "repositoryURL": "https://github.com/OperatorFoundation/BlueSocket",
        "state": {
          "branch": null,
          "revision": "90212ea8b66787c2d51d03527a04748ba6ee7679",
          "version": "1.1.0"
        }
      },
      {
        "package": "Datable",
        "repositoryURL": "https://github.com/OperatorFoundation/Datable.git",
        "state": {
          "branch": null,
          "revision": "808ab1b2c021be3d2950ec2c2894cd48d532d592",
          "version": "3.0.3"
        }
      },
      {
        "package": "Flower",
        "repositoryURL": "https://github.com/OperatorFoundation/Flower.git",
        "state": {
          "branch": null,
          "revision": "70a2b9f43a9e0409bd17cd8d4fad1448f0e289db",
          "version": "0.1.0"
        }
      },
      {
        "package": "Monolith",
        "repositoryURL": "https://github.com/OperatorFoundation/Monolith.git",
        "state": {
          "branch": null,
          "revision": "b2724b4814a9ce89935ac7d8aebd92c88c3c0f8c",
          "version": "1.0.0"
        }
      },
      {
        "package": "NetworkLinux",
        "repositoryURL": "https://github.com/OperatorFoundation/NetworkLinux.git",
        "state": {
          "branch": null,
          "revision": "d176e9fb287c7e574b09f6565e69860194ee8931",
          "version": "0.1.0"
        }
      },
      {
        "package": "ReplicantSwift",
        "repositoryURL": "https://github.com/OperatorFoundation/ReplicantSwift.git",
        "state": {
          "branch": null,
          "revision": "8903b8daad17d466c49bf43aedde6fa46d2b6c91",
          "version": "0.6.0"
        }
      },
      {
        "package": "Song",
        "repositoryURL": "https://github.com/OperatorFoundation/Song.git",
        "state": {
          "branch": null,
          "revision": "9a2e23e0db2fc23edcbaa8a9b57b0c7b533a915b",
          "version": "0.1.0"
        }
      },
      {
        "package": "swift-ast",
        "repositoryURL": "https://github.com/yanagiba/swift-ast",
        "state": {
          "branch": null,
          "revision": "e8507d78b32dbd33ea5ea975bbbc82b7613870a1",
          "version": "0.19.9"
        }
      },
      {
        "package": "swift-log",
        "repositoryURL": "https://github.com/apple/swift-log.git",
        "state": {
          "branch": null,
          "revision": "173f567a2dfec11d74588eea82cecea555bdc0bc",
          "version": "1.4.0"
        }
      },
      {
        "package": "SwiftHexTools",
        "repositoryURL": "https://github.com/OperatorFoundation/SwiftHexTools",
        "state": {
          "branch": null,
          "revision": "4ce4a4f66eea05c900d447af8c07ecaac720716c",
          "version": "1.2.2"
        }
      },
      {
        "package": "SwiftQueue",
        "repositoryURL": "https://github.com/OperatorFoundation/SwiftQueue.git",
        "state": {
          "branch": null,
          "revision": "0e5979acbb104516a427bb2bb09debc50ca100b4",
          "version": "0.0.3"
        }
      },
      {
        "package": "Transport",
        "repositoryURL": "https://github.com/OperatorFoundation/Transport.git",
        "state": {
          "branch": null,
          "revision": "8989b38c04404def8d9ce41c0ed2a150dfb5d40c",
          "version": "2.2.0"
        }
      }
    ]
  },
  "version": 1
}
